
Microsoft Visual Studio Solution File, Format Version 12.00
Project("{FAE04EC0-301F-11D3-BF4B-00C04F79EFBC}") = "Laba24", "Laba24\Laba24.csproj", "{1FAA92D4-8CD8-45A2-84FD-CE6BB6ED2229}"
EndProject
Global
	GlobalSection(SolutionConfigurationPlatforms) = preSolution
		Debug|Any CPU = Debug|Any CPU
		Release|Any CPU = Release|Any CPU
	EndGlobalSection
	GlobalSection(ProjectConfigurationPlatforms) = postSolution
		{1FAA92D4-8CD8-45A2-84FD-CE6BB6ED2229}.Debug|Any CPU.ActiveCfg = Debug|Any CPU
		{1FAA92D4-8CD8-45A2-84FD-CE6BB6ED2229}.Debug|Any CPU.Build.0 = Debug|Any CPU
		{1FAA92D4-8CD8-45A2-84FD-CE6BB6ED2229}.Release|Any CPU.ActiveCfg = Release|Any CPU
		{1FAA92D4-8CD8-45A2-84FD-CE6BB6ED2229}.Release|Any CPU.Build.0 = Release|Any CPU
	EndGlobalSection
EndGlobal
